github.com/apache/arrow/go/arrow v0.0.0-20190615061817-720be32a0bb5/go.mod h1:NG5SvIQXIxzJR5lGmoXTX9R/EmkArKbPPFu0DUFSz10=
github.com/apache/arrow/go/arrow v0.0.0-20190714060934-486b97bd49c9 h1:RgKlReA/ZycIH1VYKSC2Y+3RftTDKDtbiQKcXjBGPLc=
github.com/apache/arrow/go/arrow v0.0.0-20190714060934-486b97bd49c9/go.mod h1:VTxUBvSJ3s3eHAg65PNgrsn5BtqCRPdmyXh6rAfdxN0=
github.com/davecgh/go-spew v1.1.0/go.mod h1:J7Y8YcW2NihsgmVo/mv3lAwl/skON4iLHjSsI+c5H38=
github.com/davecgh/go-spew v1.1.1 h1:vj9j/u1bqnvCEfJOwUhtlOARqs3+rkHYY13jYWTU97c=
github.com/davecgh/go-spew v1.1.1/go.mod h1:J7Y8YcW2NihsgmVo/mv3lAwl/skON4iLHjSsI+c5H38=
github.com/go-bullseye/bullseye v0.0.0-20190714184620-91edcbc8ba1c h1:oDv3LHsaSMg4NYpolglbv9MslwQi3T6JfZHwH1q3WMM=
github.com/go-bullseye/bullseye v0.0.0-20190714184620-91edcbc8ba1c/go.mod h1:5OhpIKAVfTB2B63U16GHfwlnIEe3sukOIn9mAUcmLis=
github.com/google/flatbuffers v1.11.0 h1:O7CEyB8Cb3/DmtxODGtLHcEvpr81Jm5qLg/hsHnxA2A=
github.com/google/flatbuffers v1.11.0/go.mod h1:1AeVuKshWv4vARoZatz6mlQ0JxURH0Kv5+zNeJKJCa8=
github.com/nickpoorman/go-python3 v0.0.0-20190713164746-bfc9d2df89d4 h1:CLTzK8yhrf5jN0z1ozzUsKixsRVBd04xYB5uF1lWGKQ=
github.com/nickpoorman/go-python3 v0.0.0-20190713164746-bfc9d2df89d4/go.mod h1:FX9q+avghnDFTEGOkfHFO4aGmgenMR9Ntxbz/NIoMSY=
github.com/nickpoorman/pytasks v0.0.0-20190706034506-5f0c8f7bc6b6 h1:43HWO7WMGIA5sJ7pXx7W8gcpofLBv9oejmt9hW5eYbY=
github.com/nickpoorman/pytasks v0.0.0-20190706034506-5f0c8f7bc6b6/go.mod h1:VDRxietscyuUIJCywrIRxoSgMX+c0bQA3wFfFiKH8do=
github.com/pkg/errors v0.8.1 h1:iURUrRGxPUNPdy5/HRSm+Yj6okJ6UtLINN0Q9M4+h3I=
github.com/pkg/errors v0.8.1/go.mod h1:bwawxfHBFNV+L2hUp1rHADufV3IMtnDRdf1r5NINEl0=
github.com/pmezard/go-difflib v1.0.0 h1:4DBwDE0NGyQoBHbLQYPwSUPoCMWR5BEzIk/f1lZbAQM=
github.com/pmezard/go-difflib v1.0.0/go.mod h1:iKH77koFhYxTK1pcRnkKkqfTogsbg7gZNVY4sRDYZ/4=
github.com/stretchr/testify v1.2.0/go.mod h1:a8OnRcib4nhh0OaRAV+Yts87kKdq0PP7pXfy6kDkUVs=
github.com/stretchr/testify v1.2.2 h1:bSDNvY7ZPG5RlJ8otE/7V6gMiyenm9RtJ7IUVIAoJ1w=
github.com/stretchr/testify v1.2.2/go.mod h1:a8OnRcib4nhh0OaRAV+Yts87kKdq0PP7pXfy6kDkUVs=
